
Microsoft Visual Studio Solution File, Format Version 12.00
# Visual Studio Version 16
VisualStudioVersion = 16.0.29806.167
MinimumVisualStudioVersion = 10.0.40219.1
Project("{9A19103F-16F7-4668-BE54-9A1E7A4F7556}") = "CustomerManagement.Domain", "CustomerManagement.Domain\CustomerManagement.Domain.csproj", "{BE384261-5932-40AF-936E-4CD3A081A227}"
EndProject
Project("{9A19103F-16F7-4668-BE54-9A1E7A4F7556}") = "CustomerManagement.DomainService", "CustomerManagement.DomainService\CustomerManagement.DomainService.csproj", "{AAFDD044-905E-4344-8111-BFC472A5A9E0}"
EndProject
Project("{9A19103F-16F7-4668-BE54-9A1E7A4F7556}") = "CustomerManagement.ApplicationService", "CustomerManagement.ApplicationService\CustomerManagement.ApplicationService.csproj", "{4041F4D1-B228-452C-AD9A-0EB359F1AED0}"
EndProject
Project("{9A19103F-16F7-4668-BE54-9A1E7A4F7556}") = "CustomerManagement.Api", "CustomerManagement.Api\CustomerManagement.Api.csproj", "{C2374AB4-278E-4B23-A7F3-F94A95C05899}"
EndProject
Project("{2150E333-8FDC-42A3-9474-1A3956D46DE8}") = "Infrastructure", "Infrastructure", "{F471A645-F939-4026-B541-84C94FA9E000}"
EndProject
Project("{9A19103F-16F7-4668-BE54-9A1E7A4F7556}") = "CustomerManagement.Persistence.Ef", "CustomerManagement.Perdidtence.Ef\CustomerManagement.Persistence.Ef.csproj", "{E1E690D1-5402-46C5-B743-B9F5E9F65E41}"
EndProject
Project("{9A19103F-16F7-4668-BE54-9A1E7A4F7556}") = "CustomerManagement.COnsole", "CustomerManagement.COnsole\CustomerManagement.COnsole.csproj", "{025B7F69-7908-49A9-9C94-2DFD104D11B4}"
EndProject
Project("{2150E333-8FDC-42A3-9474-1A3956D46DE8}") = "UserInterface", "UserInterface", "{32B5E8FE-2F76-4BA8-9BBB-9A657B2DD310}"
EndProject
Project("{9A19103F-16F7-4668-BE54-9A1E7A4F7556}") = "CustomerManagement.ApplicationService.Contract", "CustomerManagement.ApplicationService.Contract\CustomerManagement.ApplicationService.Contract.csproj", "{D104374D-0282-4FDE-89D5-E6F37DB7BDF9}"
EndProject
Project("{2150E333-8FDC-42A3-9474-1A3956D46DE8}") = "2-CustomerManagement", "2-CustomerManagement", "{D62E6089-33EE-4975-B9EF-3ADFFB840EE1}"
EndProject
Project("{2150E333-8FDC-42A3-9474-1A3956D46DE8}") = "3-LoanManagement", "3-LoanManagement", "{D2AD48A8-00AE-420E-ACAD-05CC8EB305C1}"
EndProject
Project("{9A19103F-16F7-4668-BE54-9A1E7A4F7556}") = "LoanManagement.Domain", "LoanManagement.Domain\LoanManagement.Domain.csproj", "{9F6FD54C-B44E-4040-882E-9A283CC027D4}"
EndProject
Project("{9A19103F-16F7-4668-BE54-9A1E7A4F7556}") = "LoanManagement.Domain.Test", "LoanManagement.Domain.Test\LoanManagement.Domain.Test.csproj", "{846A0E8F-6CAA-4A65-B1EF-BCF516A1C0A2}"
EndProject
Project("{9A19103F-16F7-4668-BE54-9A1E7A4F7556}") = "CustomerManagement.Domain.Test", "CustomerManagement.Domain.Test\CustomerManagement.Domain.Test.csproj", "{BF3A47CF-93CD-436F-9102-D93BA4AC04D5}"
EndProject
Project("{2150E333-8FDC-42A3-9474-1A3956D46DE8}") = "1-Framework", "1-Framework", "{34A21DAF-4D76-4908-AB9A-BF3E17097D0C}"
EndProject
Project("{9A19103F-16F7-4668-BE54-9A1E7A4F7556}") = "Framework.Domain", "Framework.Domain\Framework.Domain.csproj", "{3BE961D1-23A1-49E5-8DE3-2B7BDF70FB70}"
EndProject
Project("{2150E333-8FDC-42A3-9474-1A3956D46DE8}") = "Infrastructure", "Infrastructure", "{60227A98-A08A-4F2D-B77D-8560F6151AB2}"
EndProject
Project("{9A19103F-16F7-4668-BE54-9A1E7A4F7556}") = "LoanManagement.Persistence", "LoanManagement.Persistence\LoanManagement.Persistence.csproj", "{DCD0EDB2-18E7-4969-B081-5820F82BE028}"
EndProject
Project("{9A19103F-16F7-4668-BE54-9A1E7A4F7556}") = "Framework.Core", "Framework.Core\Framework.Core.csproj", "{FE418563-6315-40B9-B3E0-9B6D8B07C0E9}"
EndProject
Project("{9A19103F-16F7-4668-BE54-9A1E7A4F7556}") = "Loanmanagement.Application", "Loanmanagement.Application\Loanmanagement.Application.csproj", "{0EDDD555-F865-4EFD-911E-723E6B4CC037}"
EndProject
Project("{9A19103F-16F7-4668-BE54-9A1E7A4F7556}") = "Framework.Test", "Framework.Test\Framework.Test.csproj", "{0B1F1722-23A2-4803-9668-9970568A97C9}"
EndProject
Project("{9A19103F-16F7-4668-BE54-9A1E7A4F7556}") = "LoanManagement.Api", "LoanManagement.Api\LoanManagement.Api.csproj", "{9BBF0B42-29CD-490A-A5AB-50C72CD29317}"
EndProject
Project("{9A19103F-16F7-4668-BE54-9A1E7A4F7556}") = "Framework.Application", "Framework.Application\Framework.Application.csproj", "{9FF61795-267D-4A31-BA61-4177A4F7DE64}"
EndProject
Project("{9A19103F-16F7-4668-BE54-9A1E7A4F7556}") = "Framework.Configuration.Autofac", "Framework.Configuration.Autofac\Framework.Configuration.Autofac.csproj", "{BD3BD9F3-AF08-4E50-9BB5-7BD335900F3E}"
EndProject
Project("{9A19103F-16F7-4668-BE54-9A1E7A4F7556}") = "Framework.Persistence.Ef", "Framework.Persistence.Ef\Framework.Persistence.Ef.csproj", "{B216B164-5C7E-4386-87CD-137795800961}"
EndProject
Project("{9A19103F-16F7-4668-BE54-9A1E7A4F7556}") = "Loanmanagement.Application.Contract", "Loanmanagement.Application.Contract\Loanmanagement.Application.Contract.csproj", "{B187874C-CA02-419F-9FC2-6FDF9E817675}"
EndProject
Project("{FAE04EC0-301F-11D3-BF4B-00C04F79EFBC}") = "Framework.Messaging.MassTransit", "Framework.Messaging.MassTransit\Framework.Messaging.MassTransit.csproj", "{8669B712-31C5-4EC7-972C-E1369CE49933}"
EndProject
Project("{2150E333-8FDC-42A3-9474-1A3956D46DE8}") = "QueryModel", "QueryModel", "{1A36CBCB-3AC3-4067-BCBD-6DF30CD96F81}"
EndProject
Project("{FAE04EC0-301F-11D3-BF4B-00C04F79EFBC}") = "QueryModel.Data", "QueryMode.Data\QueryModel.Data.csproj", "{CF04C03B-EDE2-4D57-80C6-A73512D1ED28}"
EndProject
Project("{FAE04EC0-301F-11D3-BF4B-00C04F79EFBC}") = "QueryModel.Handler", "QueryModel.Handler\QueryModel.Handler.csproj", "{3507EB42-E457-429B-A4FB-2926CDC3A4C7}"
EndProject
Project("{FAE04EC0-301F-11D3-BF4B-00C04F79EFBC}") = "CustomerManagement.Domain.Contract", "CustomerManagement.Domain.Contract\CustomerManagement.Domain.Contract.csproj", "{4D55C4B1-B323-4AA8-9217-F074B71B6150}"
EndProject
Project("{FAE04EC0-301F-11D3-BF4B-00C04F79EFBC}") = "LoanManagement.Domain.Contract", "LoanManagement.Domain.Contract\LoanManagement.Domain.Contract.csproj", "{939355CD-1F31-4731-B115-B22014AC4230}"
EndProject
Project("{FAE04EC0-301F-11D3-BF4B-00C04F79EFBC}") = "QueryModel.Api", "QueryModel.Api\QueryModel.Api.csproj", "{95FA4930-8AC6-4023-A4F5-5CD668219046}"
EndProject
Global
	GlobalSection(SolutionConfigurationPlatforms) = preSolution
		Debug|Any CPU = Debug|Any CPU
		Release|Any CPU = Release|Any CPU
	EndGlobalSection
	GlobalSection(ProjectConfigurationPlatforms) = postSolution
		{BE384261-5932-40AF-936E-4CD3A081A227}.Debug|Any CPU.ActiveCfg = Debug|Any CPU
		{BE384261-5932-40AF-936E-4CD3A081A227}.Debug|Any CPU.Build.0 = Debug|Any CPU
		{BE384261-5932-40AF-936E-4CD3A081A227}.Release|Any CPU.ActiveCfg = Release|Any CPU
		{BE384261-5932-40AF-936E-4CD3A081A227}.Release|Any CPU.Build.0 = Release|Any CPU
		{AAFDD044-905E-4344-8111-BFC472A5A9E0}.Debug|Any CPU.ActiveCfg = Debug|Any CPU
		{AAFDD044-905E-4344-8111-BFC472A5A9E0}.Debug|Any CPU.Build.0 = Debug|Any CPU
		{AAFDD044-905E-4344-8111-BFC472A5A9E0}.Release|Any CPU.ActiveCfg = Release|Any CPU
		{AAFDD044-905E-4344-8111-BFC472A5A9E0}.Release|Any CPU.Build.0 = Release|Any CPU
		{4041F4D1-B228-452C-AD9A-0EB359F1AED0}.Debug|Any CPU.ActiveCfg = Debug|Any CPU
		{4041F4D1-B228-452C-AD9A-0EB359F1AED0}.Debug|Any CPU.Build.0 = Debug|Any CPU
		{4041F4D1-B228-452C-AD9A-0EB359F1AED0}.Release|Any CPU.ActiveCfg = Release|Any CPU
		{4041F4D1-B228-452C-AD9A-0EB359F1AED0}.Release|Any CPU.Build.0 = Release|Any CPU
		{C2374AB4-278E-4B23-A7F3-F94A95C05899}.Debug|Any CPU.ActiveCfg = Debug|Any CPU
		{C2374AB4-278E-4B23-A7F3-F94A95C05899}.Debug|Any CPU.Build.0 = Debug|Any CPU
		{C2374AB4-278E-4B23-A7F3-F94A95C05899}.Release|Any CPU.ActiveCfg = Release|Any CPU
		{C2374AB4-278E-4B23-A7F3-F94A95C05899}.Release|Any CPU.Build.0 = Release|Any CPU
		{E1E690D1-5402-46C5-B743-B9F5E9F65E41}.Debug|Any CPU.ActiveCfg = Debug|Any CPU
		{E1E690D1-5402-46C5-B743-B9F5E9F65E41}.Debug|Any CPU.Build.0 = Debug|Any CPU
		{E1E690D1-5402-46C5-B743-B9F5E9F65E41}.Release|Any CPU.ActiveCfg = Release|Any CPU
		{E1E690D1-5402-46C5-B743-B9F5E9F65E41}.Release|Any CPU.Build.0 = Release|Any CPU
		{025B7F69-7908-49A9-9C94-2DFD104D11B4}.Debug|Any CPU.ActiveCfg = Debug|Any CPU
		{025B7F69-7908-49A9-9C94-2DFD104D11B4}.Debug|Any CPU.Build.0 = Debug|Any CPU
		{025B7F69-7908-49A9-9C94-2DFD104D11B4}.Release|Any CPU.ActiveCfg = Release|Any CPU
		{025B7F69-7908-49A9-9C94-2DFD104D11B4}.Release|Any CPU.Build.0 = Release|Any CPU
		{D104374D-0282-4FDE-89D5-E6F37DB7BDF9}.Debug|Any CPU.ActiveCfg = Debug|Any CPU
		{D104374D-0282-4FDE-89D5-E6F37DB7BDF9}.Debug|Any CPU.Build.0 = Debug|Any CPU
		{D104374D-0282-4FDE-89D5-E6F37DB7BDF9}.Release|Any CPU.ActiveCfg = Release|Any CPU
		{D104374D-0282-4FDE-89D5-E6F37DB7BDF9}.Release|Any CPU.Build.0 = Release|Any CPU
		{9F6FD54C-B44E-4040-882E-9A283CC027D4}.Debug|Any CPU.ActiveCfg = Debug|Any CPU
		{9F6FD54C-B44E-4040-882E-9A283CC027D4}.Debug|Any CPU.Build.0 = Debug|Any CPU
		{9F6FD54C-B44E-4040-882E-9A283CC027D4}.Release|Any CPU.ActiveCfg = Release|Any CPU
		{9F6FD54C-B44E-4040-882E-9A283CC027D4}.Release|Any CPU.Build.0 = Release|Any CPU
		{846A0E8F-6CAA-4A65-B1EF-BCF516A1C0A2}.Debug|Any CPU.ActiveCfg = Debug|Any CPU
		{846A0E8F-6CAA-4A65-B1EF-BCF516A1C0A2}.Debug|Any CPU.Build.0 = Debug|Any CPU
		{846A0E8F-6CAA-4A65-B1EF-BCF516A1C0A2}.Release|Any CPU.ActiveCfg = Release|Any CPU
		{846A0E8F-6CAA-4A65-B1EF-BCF516A1C0A2}.Release|Any CPU.Build.0 = Release|Any CPU
		{BF3A47CF-93CD-436F-9102-D93BA4AC04D5}.Debug|Any CPU.ActiveCfg = Debug|Any CPU
		{BF3A47CF-93CD-436F-9102-D93BA4AC04D5}.Debug|Any CPU.Build.0 = Debug|Any CPU
		{BF3A47CF-93CD-436F-9102-D93BA4AC04D5}.Release|Any CPU.ActiveCfg = Release|Any CPU
		{BF3A47CF-93CD-436F-9102-D93BA4AC04D5}.Release|Any CPU.Build.0 = Release|Any CPU
		{3BE961D1-23A1-49E5-8DE3-2B7BDF70FB70}.Debug|Any CPU.ActiveCfg = Debug|Any CPU
		{3BE961D1-23A1-49E5-8DE3-2B7BDF70FB70}.Debug|Any CPU.Build.0 = Debug|Any CPU
		{3BE961D1-23A1-49E5-8DE3-2B7BDF70FB70}.Release|Any CPU.ActiveCfg = Release|Any CPU
		{3BE961D1-23A1-49E5-8DE3-2B7BDF70FB70}.Release|Any CPU.Build.0 = Release|Any CPU
		{DCD0EDB2-18E7-4969-B081-5820F82BE028}.Debug|Any CPU.ActiveCfg = Debug|Any CPU
		{DCD0EDB2-18E7-4969-B081-5820F82BE028}.Debug|Any CPU.Build.0 = Debug|Any CPU
		{DCD0EDB2-18E7-4969-B081-5820F82BE028}.Release|Any CPU.ActiveCfg = Release|Any CPU
		{DCD0EDB2-18E7-4969-B081-5820F82BE028}.Release|Any CPU.Build.0 = Release|Any CPU
		{FE418563-6315-40B9-B3E0-9B6D8B07C0E9}.Debug|Any CPU.ActiveCfg = Debug|Any CPU
		{FE418563-6315-40B9-B3E0-9B6D8B07C0E9}.Debug|Any CPU.Build.0 = Debug|Any CPU
		{FE418563-6315-40B9-B3E0-9B6D8B07C0E9}.Release|Any CPU.ActiveCfg = Release|Any CPU
		{FE418563-6315-40B9-B3E0-9B6D8B07C0E9}.Release|Any CPU.Build.0 = Release|Any CPU
		{0EDDD555-F865-4EFD-911E-723E6B4CC037}.Debug|Any CPU.ActiveCfg = Debug|Any CPU
		{0EDDD555-F865-4EFD-911E-723E6B4CC037}.Debug|Any CPU.Build.0 = Debug|Any CPU
		{0EDDD555-F865-4EFD-911E-723E6B4CC037}.Release|Any CPU.ActiveCfg = Release|Any CPU
		{0EDDD555-F865-4EFD-911E-723E6B4CC037}.Release|Any CPU.Build.0 = Release|Any CPU
		{0B1F1722-23A2-4803-9668-9970568A97C9}.Debug|Any CPU.ActiveCfg = Debug|Any CPU
		{0B1F1722-23A2-4803-9668-9970568A97C9}.Debug|Any CPU.Build.0 = Debug|Any CPU
		{0B1F1722-23A2-4803-9668-9970568A97C9}.Release|Any CPU.ActiveCfg = Release|Any CPU
		{0B1F1722-23A2-4803-9668-9970568A97C9}.Release|Any CPU.Build.0 = Release|Any CPU
		{9BBF0B42-29CD-490A-A5AB-50C72CD29317}.Debug|Any CPU.ActiveCfg = Debug|Any CPU
		{9BBF0B42-29CD-490A-A5AB-50C72CD29317}.Debug|Any CPU.Build.0 = Debug|Any CPU
		{9BBF0B42-29CD-490A-A5AB-50C72CD29317}.Release|Any CPU.ActiveCfg = Release|Any CPU
		{9BBF0B42-29CD-490A-A5AB-50C72CD29317}.Release|Any CPU.Build.0 = Release|Any CPU
		{9FF61795-267D-4A31-BA61-4177A4F7DE64}.Debug|Any CPU.ActiveCfg = Debug|Any CPU
		{9FF61795-267D-4A31-BA61-4177A4F7DE64}.Debug|Any CPU.Build.0 = Debug|Any CPU
		{9FF61795-267D-4A31-BA61-4177A4F7DE64}.Release|Any CPU.ActiveCfg = Release|Any CPU
		{9FF61795-267D-4A31-BA61-4177A4F7DE64}.Release|Any CPU.Build.0 = Release|Any CPU
		{BD3BD9F3-AF08-4E50-9BB5-7BD335900F3E}.Debug|Any CPU.ActiveCfg = Debug|Any CPU
		{BD3BD9F3-AF08-4E50-9BB5-7BD335900F3E}.Debug|Any CPU.Build.0 = Debug|Any CPU
		{BD3BD9F3-AF08-4E50-9BB5-7BD335900F3E}.Release|Any CPU.ActiveCfg = Release|Any CPU
		{BD3BD9F3-AF08-4E50-9BB5-7BD335900F3E}.Release|Any CPU.Build.0 = Release|Any CPU
		{B216B164-5C7E-4386-87CD-137795800961}.Debug|Any CPU.ActiveCfg = Debug|Any CPU
		{B216B164-5C7E-4386-87CD-137795800961}.Debug|Any CPU.Build.0 = Debug|Any CPU
		{B216B164-5C7E-4386-87CD-137795800961}.Release|Any CPU.ActiveCfg = Release|Any CPU
		{B216B164-5C7E-4386-87CD-137795800961}.Release|Any CPU.Build.0 = Release|Any CPU
		{B187874C-CA02-419F-9FC2-6FDF9E817675}.Debug|Any CPU.ActiveCfg = Debug|Any CPU
		{B187874C-CA02-419F-9FC2-6FDF9E817675}.Debug|Any CPU.Build.0 = Debug|Any CPU
		{B187874C-CA02-419F-9FC2-6FDF9E817675}.Release|Any CPU.ActiveCfg = Release|Any CPU
		{B187874C-CA02-419F-9FC2-6FDF9E817675}.Release|Any CPU.Build.0 = Release|Any CPU
		{8669B712-31C5-4EC7-972C-E1369CE49933}.Debug|Any CPU.ActiveCfg = Debug|Any CPU
		{8669B712-31C5-4EC7-972C-E1369CE49933}.Debug|Any CPU.Build.0 = Debug|Any CPU
		{8669B712-31C5-4EC7-972C-E1369CE49933}.Release|Any CPU.ActiveCfg = Release|Any CPU
		{8669B712-31C5-4EC7-972C-E1369CE49933}.Release|Any CPU.Build.0 = Release|Any CPU
		{CF04C03B-EDE2-4D57-80C6-A73512D1ED28}.Debug|Any CPU.ActiveCfg = Debug|Any CPU
		{CF04C03B-EDE2-4D57-80C6-A73512D1ED28}.Debug|Any CPU.Build.0 = Debug|Any CPU
		{CF04C03B-EDE2-4D57-80C6-A73512D1ED28}.Release|Any CPU.ActiveCfg = Release|Any CPU
		{CF04C03B-EDE2-4D57-80C6-A73512D1ED28}.Release|Any CPU.Build.0 = Release|Any CPU
		{3507EB42-E457-429B-A4FB-2926CDC3A4C7}.Debug|Any CPU.ActiveCfg = Debug|Any CPU
		{3507EB42-E457-429B-A4FB-2926CDC3A4C7}.Debug|Any CPU.Build.0 = Debug|Any CPU
		{3507EB42-E457-429B-A4FB-2926CDC3A4C7}.Release|Any CPU.ActiveCfg = Release|Any CPU
		{3507EB42-E457-429B-A4FB-2926CDC3A4C7}.Release|Any CPU.Build.0 = Release|Any CPU
		{4D55C4B1-B323-4AA8-9217-F074B71B6150}.Debug|Any CPU.ActiveCfg = Debug|Any CPU
		{4D55C4B1-B323-4AA8-9217-F074B71B6150}.Debug|Any CPU.Build.0 = Debug|Any CPU
		{4D55C4B1-B323-4AA8-9217-F074B71B6150}.Release|Any CPU.ActiveCfg = Release|Any CPU
		{4D55C4B1-B323-4AA8-9217-F074B71B6150}.Release|Any CPU.Build.0 = Release|Any CPU
		{939355CD-1F31-4731-B115-B22014AC4230}.Debug|Any CPU.ActiveCfg = Debug|Any CPU
		{939355CD-1F31-4731-B115-B22014AC4230}.Debug|Any CPU.Build.0 = Debug|Any CPU
		{939355CD-1F31-4731-B115-B22014AC4230}.Release|Any CPU.ActiveCfg = Release|Any CPU
		{939355CD-1F31-4731-B115-B22014AC4230}.Release|Any CPU.Build.0 = Release|Any CPU
		{95FA4930-8AC6-4023-A4F5-5CD668219046}.Debug|Any CPU.ActiveCfg = Debug|Any CPU
		{95FA4930-8AC6-4023-A4F5-5CD668219046}.Debug|Any CPU.Build.0 = Debug|Any CPU
		{95FA4930-8AC6-4023-A4F5-5CD668219046}.Release|Any CPU.ActiveCfg = Release|Any CPU
		{95FA4930-8AC6-4023-A4F5-5CD668219046}.Release|Any CPU.Build.0 = Release|Any CPU
	EndGlobalSection
	GlobalSection(SolutionProperties) = preSolution
		HideSolutionNode = FALSE
	EndGlobalSection
	GlobalSection(NestedProjects) = preSolution
		{BE384261-5932-40AF-936E-4CD3A081A227} = {D62E6089-33EE-4975-B9EF-3ADFFB840EE1}
		{AAFDD044-905E-4344-8111-BFC472A5A9E0} = {D62E6089-33EE-4975-B9EF-3ADFFB840EE1}
		{4041F4D1-B228-452C-AD9A-0EB359F1AED0} = {D62E6089-33EE-4975-B9EF-3ADFFB840EE1}
		{C2374AB4-278E-4B23-A7F3-F94A95C05899} = {D62E6089-33EE-4975-B9EF-3ADFFB840EE1}
		{F471A645-F939-4026-B541-84C94FA9E000} = {D62E6089-33EE-4975-B9EF-3ADFFB840EE1}
		{E1E690D1-5402-46C5-B743-B9F5E9F65E41} = {F471A645-F939-4026-B541-84C94FA9E000}
		{025B7F69-7908-49A9-9C94-2DFD104D11B4} = {32B5E8FE-2F76-4BA8-9BBB-9A657B2DD310}
		{32B5E8FE-2F76-4BA8-9BBB-9A657B2DD310} = {D62E6089-33EE-4975-B9EF-3ADFFB840EE1}
		{D104374D-0282-4FDE-89D5-E6F37DB7BDF9} = {D62E6089-33EE-4975-B9EF-3ADFFB840EE1}
		{9F6FD54C-B44E-4040-882E-9A283CC027D4} = {D2AD48A8-00AE-420E-ACAD-05CC8EB305C1}
		{846A0E8F-6CAA-4A65-B1EF-BCF516A1C0A2} = {D2AD48A8-00AE-420E-ACAD-05CC8EB305C1}
		{BF3A47CF-93CD-436F-9102-D93BA4AC04D5} = {D62E6089-33EE-4975-B9EF-3ADFFB840EE1}
		{3BE961D1-23A1-49E5-8DE3-2B7BDF70FB70} = {34A21DAF-4D76-4908-AB9A-BF3E17097D0C}
		{60227A98-A08A-4F2D-B77D-8560F6151AB2} = {D2AD48A8-00AE-420E-ACAD-05CC8EB305C1}
		{DCD0EDB2-18E7-4969-B081-5820F82BE028} = {60227A98-A08A-4F2D-B77D-8560F6151AB2}
		{FE418563-6315-40B9-B3E0-9B6D8B07C0E9} = {34A21DAF-4D76-4908-AB9A-BF3E17097D0C}
		{0EDDD555-F865-4EFD-911E-723E6B4CC037} = {D2AD48A8-00AE-420E-ACAD-05CC8EB305C1}
		{0B1F1722-23A2-4803-9668-9970568A97C9} = {34A21DAF-4D76-4908-AB9A-BF3E17097D0C}
		{9BBF0B42-29CD-490A-A5AB-50C72CD29317} = {D2AD48A8-00AE-420E-ACAD-05CC8EB305C1}
		{9FF61795-267D-4A31-BA61-4177A4F7DE64} = {34A21DAF-4D76-4908-AB9A-BF3E17097D0C}
		{BD3BD9F3-AF08-4E50-9BB5-7BD335900F3E} = {34A21DAF-4D76-4908-AB9A-BF3E17097D0C}
		{B216B164-5C7E-4386-87CD-137795800961} = {34A21DAF-4D76-4908-AB9A-BF3E17097D0C}
		{B187874C-CA02-419F-9FC2-6FDF9E817675} = {D2AD48A8-00AE-420E-ACAD-05CC8EB305C1}
		{8669B712-31C5-4EC7-972C-E1369CE49933} = {34A21DAF-4D76-4908-AB9A-BF3E17097D0C}
		{CF04C03B-EDE2-4D57-80C6-A73512D1ED28} = {1A36CBCB-3AC3-4067-BCBD-6DF30CD96F81}
		{3507EB42-E457-429B-A4FB-2926CDC3A4C7} = {1A36CBCB-3AC3-4067-BCBD-6DF30CD96F81}
		{4D55C4B1-B323-4AA8-9217-F074B71B6150} = {D62E6089-33EE-4975-B9EF-3ADFFB840EE1}
		{939355CD-1F31-4731-B115-B22014AC4230} = {D2AD48A8-00AE-420E-ACAD-05CC8EB305C1}
		{95FA4930-8AC6-4023-A4F5-5CD668219046} = {1A36CBCB-3AC3-4067-BCBD-6DF30CD96F81}
	EndGlobalSection
	GlobalSection(ExtensibilityGlobals) = postSolution
		SolutionGuid = {A0A86317-AF98-4782-BBEB-55338141C185}
	EndGlobalSection
EndGlobal
